// !$*UTF8*$!
{
	archiveVersion = 1;
	classes = {
	};
	objectVersion = 50;
	objects = {

/* Begin PBXBuildFile section */
		3013057D2212FC0D003582F7 /* AppDelegate.swift in Sources */ = {isa = PBXBuildFile; fileRef = 3013057C2212FC0D003582F7 /* AppDelegate.swift */; };
		3013057F2212FC0D003582F7 /* ViewController.swift in Sources */ = {isa = PBXBuildFile; fileRef = 3013057E2212FC0D003582F7 /* ViewController.swift */; };
		301305822212FC0D003582F7 /* Main.storyboard in Resources */ = {isa = PBXBuildFile; fileRef = 301305802212FC0D003582F7 /* Main.storyboard */; };
		301305842212FC0D003582F7 /* Assets.xcassets in Resources */ = {isa = PBXBuildFile; fileRef = 301305832212FC0D003582F7 /* Assets.xcassets */; };
		301305872212FC0D003582F7 /* LaunchScreen.storyboard in Resources */ = {isa = PBXBuildFile; fileRef = 301305852212FC0D003582F7 /* LaunchScreen.storyboard */; };
		301305922212FC0E003582F7 /* iOSExampleTests.swift in Sources */ = {isa = PBXBuildFile; fileRef = 301305912212FC0E003582F7 /* iOSExampleTests.swift */; };
		30429F37222624F1003CE076 /* NetworkConnectivity.h in Headers */ = {isa = PBXBuildFile; fileRef = 30429F35222624F1003CE076 /* NetworkConnectivity.h */; settings = {ATTRIBUTES = (Public, ); }; };
		30429F3A222624F1003CE076 /* NetworkConnectivity.framework in Frameworks */ = {isa = PBXBuildFile; fileRef = 30429F33222624F0003CE076 /* NetworkConnectivity.framework */; };
		30429F3B222624F1003CE076 /* NetworkConnectivity.framework in Embed Frameworks */ = {isa = PBXBuildFile; fileRef = 30429F33222624F0003CE076 /* NetworkConnectivity.framework */; settings = {ATTRIBUTES = (CodeSignOnCopy, RemoveHeadersOnCopy, ); }; };
		30429F42222625E8003CE076 /* NetworkConnectivity.swift in Sources */ = {isa = PBXBuildFile; fileRef = 30429F41222625E8003CE076 /* NetworkConnectivity.swift */; };
/* End PBXBuildFile section */

/* Begin PBXContainerItemProxy section */
		3013058E2212FC0E003582F7 /* PBXContainerItemProxy */ = {
			isa = PBXContainerItemProxy;
			containerPortal = 301305712212FC0D003582F7 /* Project object */;
			proxyType = 1;
			remoteGlobalIDString = 301305782212FC0D003582F7;
			remoteInfo = iOSExample;
		};
		30429F38222624F1003CE076 /* PBXContainerItemProxy */ = {
			isa = PBXContainerItemProxy;
			containerPortal = 301305712212FC0D003582F7 /* Project object */;
			proxyType = 1;
			remoteGlobalIDString = 30429F32222624F0003CE076;
			remoteInfo = NetworkConnectivity;
		};
/* End PBXContainerItemProxy section */

/* Begin PBXCopyFilesBuildPhase section */
		30429F3F222624F1003CE076 /* Embed Frameworks */ = {
			isa = PBXCopyFilesBuildPhase;
			buildActionMask = 2147483647;
			dstPath = "";
			dstSubfolderSpec = 10;
			files = (
				30429F3B222624F1003CE076 /* NetworkConnectivity.framework in Embed Frameworks */,
			);
			name = "Embed Frameworks";
			runOnlyForDeploymentPostprocessing = 0;
		};
/* End PBXCopyFilesBuildPhase section */

/* Begin PBXFileReference section */
		301305792212FC0D003582F7 /* iOSExample.app */ = {isa = PBXFileReference; explicitFileType = wrapper.application; includeInIndex = 0; path = iOSExample.app; sourceTree = BUILT_PRODUCTS_DIR; };
		3013057C2212FC0D003582F7 /* AppDelegate.swift */ = {isa = PBXFileReference; lastKnownFileType = sourcecode.swift; path = AppDelegate.swift; sourceTree = "<group>"; };
		3013057E2212FC0D003582F7 /* ViewController.swift */ = {isa = PBXFileReference; lastKnownFileType = sourcecode.swift; path = ViewController.swift; sourceTree = "<group>"; };
		301305812212FC0D003582F7 /* Base */ = {isa = PBXFileReference; lastKnownFileType = file.storyboard; name = Base; path = Base.lproj/Main.storyboard; sourceTree = "<group>"; };
		301305832212FC0D003582F7 /* Assets.xcassets */ = {isa = PBXFileReference; lastKnownFileType = folder.assetcatalog; path = Assets.xcassets; sourceTree = "<group>"; };
		301305862212FC0D003582F7 /* Base */ = {isa = PBXFileReference; lastKnownFileType = file.storyboard; name = Base; path = Base.lproj/LaunchScreen.storyboard; sourceTree = "<group>"; };
		301305882212FC0D003582F7 /* Info.plist */ = {isa = PBXFileReference; lastKnownFileType = text.plist.xml; path = Info.plist; sourceTree = "<group>"; };
		3013058D2212FC0E003582F7 /* iOSExampleTests.xctest */ = {isa = PBXFileReference; explicitFileType = wrapper.cfbundle; includeInIndex = 0; path = iOSExampleTests.xctest; sourceTree = BUILT_PRODUCTS_DIR; };
		301305912212FC0E003582F7 /* iOSExampleTests.swift */ = {isa = PBXFileReference; lastKnownFileType = sourcecode.swift; path = iOSExampleTests.swift; sourceTree = "<group>"; };
		301305932212FC0E003582F7 /* Info.plist */ = {isa = PBXFileReference; lastKnownFileType = text.plist.xml; path = Info.plist; sourceTree = "<group>"; };
		30429F33222624F0003CE076 /* NetworkConnectivity.framework */ = {isa = PBXFileReference; explicitFileType = wrapper.framework; includeInIndex = 0; path = NetworkConnectivity.framework; sourceTree = BUILT_PRODUCTS_DIR; };
		30429F35222624F1003CE076 /* NetworkConnectivity.h */ = {isa = PBXFileReference; lastKnownFileType = sourcecode.c.h; path = NetworkConnectivity.h; sourceTree = "<group>"; };
		30429F36222624F1003CE076 /* Info.plist */ = {isa = PBXFileReference; lastKnownFileType = text.plist.xml; path = Info.plist; sourceTree = "<group>"; };
		30429F41222625E8003CE076 /* NetworkConnectivity.swift */ = {isa = PBXFileReference; fileEncoding = 4; lastKnownFileType = sourcecode.swift; name = NetworkConnectivity.swift; path = ../../../../Sources/NetworkConnectivity/NetworkConnectivity.swift; sourceTree = "<group>"; };
/* End PBXFileReference section */

/* Begin PBXFrameworksBuildPhase section */
		301305762212FC0D003582F7 /* Frameworks */ = {
			isa = PBXFrameworksBuildPhase;
			buildActionMask = 2147483647;
			files = (
				30429F3A222624F1003CE076 /* NetworkConnectivity.framework in Frameworks */,
			);
			runOnlyForDeploymentPostprocessing = 0;
		};
		3013058A2212FC0E003582F7 /* Frameworks */ = {
			isa = PBXFrameworksBuildPhase;
			buildActionMask = 2147483647;
			files = (
			);
			runOnlyForDeploymentPostprocessing = 0;
		};
		30429F30222624F0003CE076 /* Frameworks */ = {
			isa = PBXFrameworksBuildPhase;
			buildActionMask = 2147483647;
			files = (
			);
			runOnlyForDeploymentPostprocessing = 0;
		};
/* End PBXFrameworksBuildPhase section */

/* Begin PBXGroup section */
		301305702212FC0D003582F7 = {
			isa = PBXGroup;
			children = (
				3013057B2212FC0D003582F7 /* iOSExample */,
				30429F4022262505003CE076 /* Dependencies */,
				301305902212FC0E003582F7 /* iOSExampleTests */,
				3013057A2212FC0D003582F7 /* Products */,
			);
			sourceTree = "<group>";
		};
		3013057A2212FC0D003582F7 /* Products */ = {
			isa = PBXGroup;
			children = (
				301305792212FC0D003582F7 /* iOSExample.app */,
				3013058D2212FC0E003582F7 /* iOSExampleTests.xctest */,
				30429F33222624F0003CE076 /* NetworkConnectivity.framework */,
			);
			name = Products;
			sourceTree = "<group>";
		};
		3013057B2212FC0D003582F7 /* iOSExample */ = {
			isa = PBXGroup;
			children = (
				3013057C2212FC0D003582F7 /* AppDelegate.swift */,
				3013057E2212FC0D003582F7 /* ViewController.swift */,
				301305802212FC0D003582F7 /* Main.storyboard */,
				301305832212FC0D003582F7 /* Assets.xcassets */,
				301305852212FC0D003582F7 /* LaunchScreen.storyboard */,
				301305882212FC0D003582F7 /* Info.plist */,
			);
			path = iOSExample;
			sourceTree = "<group>";
		};
		301305902212FC0E003582F7 /* iOSExampleTests */ = {
			isa = PBXGroup;
			children = (
				301305912212FC0E003582F7 /* iOSExampleTests.swift */,
				301305932212FC0E003582F7 /* Info.plist */,
			);
			path = iOSExampleTests;
			sourceTree = "<group>";
		};
		30429F34222624F1003CE076 /* NetworkConnectivity */ = {
			isa = PBXGroup;
			children = (
				30429F35222624F1003CE076 /* NetworkConnectivity.h */,
				30429F41222625E8003CE076 /* NetworkConnectivity.swift */,
				30429F36222624F1003CE076 /* Info.plist */,
			);
			path = NetworkConnectivity;
			sourceTree = "<group>";
		};
		30429F4022262505003CE076 /* Dependencies */ = {
			isa = PBXGroup;
			children = (
				30429F34222624F1003CE076 /* NetworkConnectivity */,
			);
			path = Dependencies;
			sourceTree = "<group>";
		};
/* End PBXGroup section */

/* Begin PBXHeadersBuildPhase section */
		30429F2E222624F0003CE076 /* Headers */ = {
			isa = PBXHeadersBuildPhase;
			buildActionMask = 2147483647;
			files = (
				30429F37222624F1003CE076 /* NetworkConnectivity.h in Headers */,
			);
			runOnlyForDeploymentPostprocessing = 0;
		};
/* End PBXHeadersBuildPhase section */

/* Begin PBXNativeTarget section */
		301305782212FC0D003582F7 /* iOSExample */ = {
			isa = PBXNativeTarget;
			buildConfigurationList = 301305962212FC0E003582F7 /* Build configuration list for PBXNativeTarget "iOSExample" */;
			buildPhases = (
				301305752212FC0D003582F7 /* Sources */,
				301305762212FC0D003582F7 /* Frameworks */,
				301305772212FC0D003582F7 /* Resources */,
				30429F3F222624F1003CE076 /* Embed Frameworks */,
			);
			buildRules = (
			);
			dependencies = (
				30429F39222624F1003CE076 /* PBXTargetDependency */,
			);
			name = iOSExample;
			productName = iOSExample;
			productReference = 301305792212FC0D003582F7 /* iOSExample.app */;
			productType = "com.apple.product-type.application";
		};
		3013058C2212FC0E003582F7 /* iOSExampleTests */ = {
			isa = PBXNativeTarget;
			buildConfigurationList = 301305992212FC0E003582F7 /* Build configuration list for PBXNativeTarget "iOSExampleTests" */;
			buildPhases = (
				301305892212FC0E003582F7 /* Sources */,
				3013058A2212FC0E003582F7 /* Frameworks */,
				3013058B2212FC0E003582F7 /* Resources */,
			);
			buildRules = (
			);
			dependencies = (
				3013058F2212FC0E003582F7 /* PBXTargetDependency */,
			);
			name = iOSExampleTests;
			productName = iOSExampleTests;
			productReference = 3013058D2212FC0E003582F7 /* iOSExampleTests.xctest */;
			productType = "com.apple.product-type.bundle.unit-test";
		};
		30429F32222624F0003CE076 /* NetworkConnectivity */ = {
			isa = PBXNativeTarget;
			buildConfigurationList = 30429F3E222624F1003CE076 /* Build configuration list for PBXNativeTarget "NetworkConnectivity" */;
			buildPhases = (
				30429F2E222624F0003CE076 /* Headers */,
				30429F2F222624F0003CE076 /* Sources */,
				30429F30222624F0003CE076 /* Frameworks */,
				30429F31222624F0003CE076 /* Resources */,
			);
			buildRules = (
			);
			dependencies = (
			);
			name = NetworkConnectivity;
			productName = NetworkConnectivity;
			productReference = 30429F33222624F0003CE076 /* NetworkConnectivity.framework */;
			productType = "com.apple.product-type.framework";
		};
/* End PBXNativeTarget section */

/* Begin PBXProject section */
		301305712212FC0D003582F7 /* Project object */ = {
			isa = PBXProject;
			attributes = {
				LastSwiftUpdateCheck = 1010;
				LastUpgradeCheck = 1010;
				ORGANIZATIONNAME = "Matt Eaton";
				TargetAttributes = {
					301305782212FC0D003582F7 = {
						CreatedOnToolsVersion = 10.1;
					};
					3013058C2212FC0E003582F7 = {
						CreatedOnToolsVersion = 10.1;
						TestTargetID = 301305782212FC0D003582F7;
					};
					30429F32222624F0003CE076 = {
						CreatedOnToolsVersion = 10.1;
					};
				};
			};
			buildConfigurationList = 301305742212FC0D003582F7 /* Build configuration list for PBXProject "iOSExample" */;
			compatibilityVersion = "Xcode 9.3";
			developmentRegion = en;
			hasScannedForEncodings = 0;
			knownRegions = (
				en,
				Base,
			);
			mainGroup = 301305702212FC0D003582F7;
			productRefGroup = 3013057A2212FC0D003582F7 /* Products */;
			projectDirPath = "";
			projectRoot = "";
			targets = (
				301305782212FC0D003582F7 /* iOSExample */,
				3013058C2212FC0E003582F7 /* iOSExampleTests */,
				30429F32222624F0003CE076 /* NetworkConnectivity */,
			);
		};
/* End PBXProject section */

/* Begin PBXResourcesBuildPhase section */
		301305772212FC0D003582F7 /* Resources */ = {
			isa = PBXResourcesBuildPhase;
			buildActionMask = 2147483647;
			files = (
				301305872212FC0D003582F7 /* LaunchScreen.storyboard in Resources */,
				301305842212FC0D003582F7 /* Assets.xcassets in Resources */,
				301305822212FC0D003582F7 /* Main.storyboard in Resources */,
			);
			runOnlyForDeploymentPostprocessing = 0;
		};
		3013058B2212FC0E003582F7 /* Resources */ = {
			isa = PBXResourcesBuildPhase;
			buildActionMask = 2147483647;
			files = (
			);
			runOnlyForDeploymentPostprocessing = 0;
		};
		30429F31222624F0003CE076 /* Resources */ = {
			isa = PBXResourcesBuildPhase;
			buildActionMask = 2147483647;
			files = (
			);
			runOnlyForDeploymentPostprocessing = 0;
		};
/* End PBXResourcesBuildPhase section */

/* Begin PBXSourcesBuildPhase section */
		301305752212FC0D003582F7 /* Sources */ = {
			isa = PBXSourcesBuildPhase;
			buildActionMask = 2147483647;
			files = (
				3013057F2212FC0D003582F7 /* ViewController.swift in Sources */,
				30429F42222625E8003CE076 /* NetworkConnectivity.swift in Sources */,
				3013057D2212FC0D003582F7 /* AppDelegate.swift in Sources */,
			);
			runOnlyForDeploymentPostprocessing = 0;
		};
		301305892212FC0E003582F7 /* Sources */ = {
			isa = PBXSourcesBuildPhase;
			buildActionMask = 2147483647;
			files = (
				301305922212FC0E003582F7 /* iOSExampleTests.swift in Sources */,
			);
			runOnlyForDeploymentPostprocessing = 0;
		};
		30429F2F222624F0003CE076 /* Sources */ = {
			isa = PBXSourcesBuildPhase;
			buildActionMask = 2147483647;
			files = (
			);
			runOnlyForDeploymentPostprocessing = 0;
		};
/* End PBXSourcesBuildPhase section */

/* Begin PBXTargetDependency section */
		3013058F2212FC0E003582F7 /* PBXTargetDependency */ = {
			isa = PBXTargetDependency;
			target = 301305782212FC0D003582F7 /* iOSExample */;
			targetProxy = 3013058E2212FC0E003582F7 /* PBXContainerItemProxy */;
		};
		30429F39222624F1003CE076 /* PBXTargetDependency */ = {
			isa = PBXTargetDependency;
			target = 30429F32222624F0003CE076 /* NetworkConnectivity */;
			targetProxy = 30429F38222624F1003CE076 /* PBXContainerItemProxy */;
		};
/* End PBXTargetDependency section */

/* Begin PBXVariantGroup section */
		301305802212FC0D003582F7 /* Main.storyboard */ = {
			isa = PBXVariantGroup;
			children = (
				301305812212FC0D003582F7 /* Base */,
			);
			name = Main.storyboard;
			sourceTree = "<group>";
		};
		301305852212FC0D003582F7 /* LaunchScreen.storyboard */ = {
			isa = PBXVariantGroup;
			children = (
				301305862212FC0D003582F7 /* Base */,
			);
			name = LaunchScreen.storyboard;
			sourceTree = "<group>";
		};
/* End PBXVariantGroup section */

/* Begin XCBuildConfiguration section */
		301305942212FC0E003582F7 /* Debug */ = {
			isa = XCBuildConfiguration;
			buildSettings = {
				ALWAYS_SEARCH_USER_PATHS = NO;
				CLANG_ANALYZER_NONNULL = YES;
				CLANG_ANALYZER_NUMBER_OBJECT_CONVERSION = YES_AGGRESSIVE;
				CLANG_CXX_LANGUAGE_STANDARD = "gnu++14";
				CLANG_CXX_LIBRARY = "libc++";
				CLANG_ENABLE_MODULES = YES;
				CLANG_ENABLE_OBJC_ARC = YES;
				CLANG_ENABLE_OBJC_WEAK = YES;
				CLANG_WARN_BLOCK_CAPTURE_AUTORELEASING = YES;
				CLANG_WARN_BOOL_CONVERSION = YES;
				CLANG_WARN_COMMA = YES;
				CLANG_WARN_CONSTANT_CONVERSION = YES;
				CLANG_WARN_DEPRECATED_OBJC_IMPLEMENTATIONS = YES;
				CLANG_WARN_DIRECT_OBJC_ISA_USAGE = YES_ERROR;
				CLANG_WARN_DOCUMENTATION_COMMENTS = YES;
				CLANG_WARN_EMPTY_BODY = YES;
				CLANG_WARN_ENUM_CONVERSION = YES;
				CLANG_WARN_INFINITE_RECURSION = YES;
				CLANG_WARN_INT_CONVERSION = YES;
				CLANG_WARN_NON_LITERAL_NULL_CONVERSION = YES;
				CLANG_WARN_OBJC_IMPLICIT_RETAIN_SELF = YES;
				CLANG_WARN_OBJC_LITERAL_CONVERSION = YES;
				CLANG_WARN_OBJC_ROOT_CLASS = YES_ERROR;
				CLANG_WARN_RANGE_LOOP_ANALYSIS = YES;
				CLANG_WARN_STRICT_PROTOTYPES = YES;
				CLANG_WARN_SUSPICIOUS_MOVE = YES;
				CLANG_WARN_UNGUARDED_AVAILABILITY = YES_AGGRESSIVE;
				CLANG_WARN_UNREACHABLE_CODE = YES;
				CLANG_WARN__DUPLICATE_METHOD_MATCH = YES;
				CODE_SIGN_IDENTITY = "iPhone Developer";
				COPY_PHASE_STRIP = NO;
				DEBUG_INFORMATION_FORMAT = dwarf;
				ENABLE_STRICT_OBJC_MSGSEND = YES;
				ENABLE_TESTABILITY = YES;
				GCC_C_LANGUAGE_STANDARD = gnu11;
				GCC_DYNAMIC_NO_PIC = NO;
				GCC_NO_COMMON_BLOCKS = YES;
				GCC_OPTIMIZATION_LEVEL = 0;
				GCC_PREPROCESSOR_DEFINITIONS = (
					"DEBUG=1",
					"$(inherited)",
				);
				GCC_WARN_64_TO_32_BIT_CONVERSION = YES;
				GCC_WARN_ABOUT_RETURN_TYPE = YES_ERROR;
				GCC_WARN_UNDECLARED_SELECTOR = YES;
				GCC_WARN_UNINITIALIZED_AUTOS = YES_AGGRESSIVE;
				GCC_WARN_UNUSED_FUNCTION = YES;
				GCC_WARN_UNUSED_VARIABLE = YES;
				IPHONEOS_DEPLOYMENT_TARGET = 12.1;
				MTL_ENABLE_DEBUG_INFO = INCLUDE_SOURCE;
				MTL_FAST_MATH = YES;
				ONLY_ACTIVE_ARCH = YES;
				SDKROOT = iphoneos;
				SWIFT_ACTIVE_COMPILATION_CONDITIONS = DEBUG;
				SWIFT_OPTIMIZATION_LEVEL = "-Onone";
			};
			name = Debug;
		};
		301305952212FC0E003582F7 /* Release */ = {
			isa = XCBuildConfiguration;
			buildSettings = {
				ALWAYS_SEARCH_USER_PATHS = NO;
				CLANG_ANALYZER_NONNULL = YES;
				CLANG_ANALYZER_NUMBER_OBJECT_CONVERSION = YES_AGGRESSIVE;
				CLANG_CXX_LANGUAGE_STANDARD = "gnu++14";
				CLANG_CXX_LIBRARY = "libc++";
				CLANG_ENABLE_MODULES = YES;
				CLANG_ENABLE_OBJC_ARC = YES;
				CLANG_ENABLE_OBJC_WEAK = YES;
				CLANG_WARN_BLOCK_CAPTURE_AUTORELEASING = YES;
				CLANG_WARN_BOOL_CONVERSION = YES;
				CLANG_WARN_COMMA = YES;
				CLANG_WARN_CONSTANT_CONVERSION = YES;
				CLANG_WARN_DEPRECATED_OBJC_IMPLEMENTATIONS = YES;
				CLANG_WARN_DIRECT_OBJC_ISA_USAGE = YES_ERROR;
				CLANG_WARN_DOCUMENTATION_COMMENTS = YES;
				CLANG_WARN_EMPTY_BODY = YES;
				CLANG_WARN_ENUM_CONVERSION = YES;
				CLANG_WARN_INFINITE_RECURSION = YES;
				CLANG_WARN_INT_CONVERSION = YES;
				CLANG_WARN_NON_LITERAL_NULL_CONVERSION = YES;
				CLANG_WARN_OBJC_IMPLICIT_RETAIN_SELF = YES;
				CLANG_WARN_OBJC_LITERAL_CONVERSION = YES;
				CLANG_WARN_OBJC_ROOT_CLASS = YES_ERROR;
				CLANG_WARN_RANGE_LOOP_ANALYSIS = YES;
				CLANG_WARN_STRICT_PROTOTYPES = YES;
				CLANG_WARN_SUSPICIOUS_MOVE = YES;
				CLANG_WARN_UNGUARDED_AVAILABILITY = YES_AGGRESSIVE;
				CLANG_WARN_UNREACHABLE_CODE = YES;
				CLANG_WARN__DUPLICATE_METHOD_MATCH = YES;
				CODE_SIGN_IDENTITY = "iPhone Developer";
				COPY_PHASE_STRIP = NO;
				DEBUG_INFORMATION_FORMAT = "dwarf-with-dsym";
				ENABLE_NS_ASSERTIONS = NO;
				ENABLE_STRICT_OBJC_MSGSEND = YES;
				GCC_C_LANGUAGE_STANDARD = gnu11;
				GCC_NO_COMMON_BLOCKS = YES;
				GCC_WARN_64_TO_32_BIT_CONVERSION = YES;
				GCC_WARN_ABOUT_RETURN_TYPE = YES_ERROR;
				GCC_WARN_UNDECLARED_SELECTOR = YES;
				GCC_WARN_UNINITIALIZED_AUTOS = YES_AGGRESSIVE;
				GCC_WARN_UNUSED_FUNCTION = YES;
				GCC_WARN_UNUSED_VARIABLE = YES;
				IPHONEOS_DEPLOYMENT_TARGET = 12.1;
				MTL_ENABLE_DEBUG_INFO = NO;
				MTL_FAST_MATH = YES;
				SDKROOT = iphoneos;
				SWIFT_COMPILATION_MODE = wholemodule;
				SWIFT_OPTIMIZATION_LEVEL = "-O";
				VALIDATE_PRODUCT = YES;
			};
			name = Release;
		};
		301305972212FC0E003582F7 /* Debug */ = {
			isa = XCBuildConfiguration;
			buildSettings = {
				ASSETCATALOG_COMPILER_APPICON_NAME = AppIcon;
				CODE_SIGN_STYLE = Automatic;
				DEVELOPMENT_TEAM = T7FGJ7JWEU;
				INFOPLIST_FILE = iOSExample/Info.plist;
				LD_RUNPATH_SEARCH_PATHS = (
					"$(inherited)",
					"@executable_path/Frameworks",
				);
				PRODUCT_BUNDLE_IDENTIFIER = com.agnosticdev.iOSExample;
				PRODUCT_NAME = "$(TARGET_NAME)";
				SWIFT_VERSION = 4.2;
				TARGETED_DEVICE_FAMILY = "1,2";
			};
			name = Debug;
		};
		301305982212FC0E003582F7 /* Release */ = {
			isa = XCBuildConfiguration;
			buildSettings = {
				ASSETCATALOG_COMPILER_APPICON_NAME = AppIcon;
				CODE_SIGN_STYLE = Automatic;
				DEVELOPMENT_TEAM = T7FGJ7JWEU;
				INFOPLIST_FILE = iOSExample/Info.plist;
				LD_RUNPATH_SEARCH_PATHS = (
					"$(inherited)",
					"@executable_path/Frameworks",
				);
				PRODUCT_BUNDLE_IDENTIFIER = com.agnosticdev.iOSExample;
				PRODUCT_NAME = "$(TARGET_NAME)";
				SWIFT_VERSION = 4.2;
				TARGETED_DEVICE_FAMILY = "1,2";
			};
			name = Release;
		};
		3013059A2212FC0E003582F7 /* Debug */ = {
			isa = XCBuildConfiguration;
			buildSettings = {
				ALWAYS_EMBED_SWIFT_STANDARD_LIBRARIES = YES;
				BUNDLE_LOADER = "$(TEST_HOST)";
				CODE_SIGN_STYLE = Automatic;
				DEVELOPMENT_TEAM = T7FGJ7JWEU;
				INFOPLIST_FILE = iOSExampleTests/Info.plist;
				LD_RUNPATH_SEARCH_PATHS = (
					"$(inherited)",
					"@executable_path/Frameworks",
					"@loader_path/Frameworks",
				);
				PRODUCT_BUNDLE_IDENTIFIER = com.agnosticdev.iOSExampleTests;
				PRODUCT_NAME = "$(TARGET_NAME)";
				SWIFT_VERSION = 4.2;
				TARGETED_DEVICE_FAMILY = "1,2";
				TEST_HOST = "$(BUILT_PRODUCTS_DIR)/iOSExample.app/iOSExample";
			};
			name = Debug;
		};
		3013059B2212FC0E003582F7 /* Release */ = {
			isa = XCBuildConfiguration;
			buildSettings = {
				ALWAYS_EMBED_SWIFT_STANDARD_LIBRARIES = YES;
				BUNDLE_LOADER = "$(TEST_HOST)";
				CODE_SIGN_STYLE = Automatic;
				DEVELOPMENT_TEAM = T7FGJ7JWEU;
				INFOPLIST_FILE = iOSExampleTests/Info.plist;
				LD_RUNPATH_SEARCH_PATHS = (
					"$(inherited)",
					"@executable_path/Frameworks",
					"@loader_path/Frameworks",
				);
				PRODUCT_BUNDLE_IDENTIFIER = com.agnosticdev.iOSExampleTests;
				PRODUCT_NAME = "$(TARGET_NAME)";
				SWIFT_VERSION = 4.2;
				TARGETED_DEVICE_FAMILY = "1,2";
				TEST_HOST = "$(BUILT_PRODUCTS_DIR)/iOSExample.app/iOSExample";
			};
			name = Release;
		};
		30429F3C222624F1003CE076 /* Debug */ = {
			isa = XCBuildConfiguration;
			buildSettings = {
				CODE_SIGN_IDENTITY = "";
				CODE_SIGN_STYLE = Automatic;
				CURRENT_PROJECT_VERSION = 1;
				DEFINES_MODULE = YES;
				DEVELOPMENT_TEAM = T7FGJ7JWEU;
				DYLIB_COMPATIBILITY_VERSION = 1;
				DYLIB_CURRENT_VERSION = 1;
				DYLIB_INSTALL_NAME_BASE = "@rpath";
				INFOPLIST_FILE = "$(SRCROOT)/iOSExample/Info.plist";
				INSTALL_PATH = "$(LOCAL_LIBRARY_DIR)/Frameworks";
				LD_RUNPATH_SEARCH_PATHS = (
					"$(inherited)",
					"@executable_path/Frameworks",
					"@loader_path/Frameworks",
				);
				PRODUCT_BUNDLE_IDENTIFIER = comCommandLine.NetworkConnectivity;
				PRODUCT_NAME = "$(TARGET_NAME:c99extidentifier)";
				SKIP_INSTALL = YES;
				SWIFT_VERSION = 4.2;
				TARGETED_DEVICE_FAMILY = "1,2";
				VERSIONING_SYSTEM = "apple-generic";
				VERSION_INFO_PREFIX = "";
			};
			name = Debug;
		};
		30429F3D222624F1003CE076 /* Release */ = {
			isa = XCBuildConfiguration;
			buildSettings = {
				CODE_SIGN_IDENTITY = "";
				CODE_SIGN_STYLE = Automatic;
				CURRENT_PROJECT_VERSION = 1;
				DEFINES_MODULE = YES;
				DEVELOPMENT_TEAM = T7FGJ7JWEU;
				DYLIB_COMPATIBILITY_VERSION = 1;
				DYLIB_CURRENT_VERSION = 1;
				DYLIB_INSTALL_NAME_BASE = "@rpath";
				INFOPLIST_FILE = "$(SRCROOT)/iOSExample/Info.plist";
				INSTALL_PATH = "$(LOCAL_LIBRARY_DIR)/Frameworks";
				LD_RUNPATH_SEARCH_PATHS = (
					"$(inherited)",
					"@executable_path/Frameworks",
					"@loader_path/Frameworks",
				);
				PRODUCT_BUNDLE_IDENTIFIER = comCommandLine.NetworkConnectivity;
				PRODUCT_NAME = "$(TARGET_NAME:c99extidentifier)";
				SKIP_INSTALL = YES;
				SWIFT_VERSION = 4.2;
				TARGETED_DEVICE_FAMILY = "1,2";
				VERSIONING_SYSTEM = "apple-generic";
				VERSION_INFO_PREFIX = "";
			};
			name = Release;
		};
/* End XCBuildConfiguration section */

/* Begin XCConfigurationList section */
		301305742212FC0D003582F7 /* Build configuration list for PBXProject "iOSExample" */ = {
			isa = XCConfigurationList;
			buildConfigurations = (
				301305942212FC0E003582F7 /* Debug */,
				301305952212FC0E003582F7 /* Release */,
			);
			defaultConfigurationIsVisible = 0;
			defaultConfigurationName = Release;
		};
		301305962212FC0E003582F7 /* Build configuration list for PBXNativeTarget "iOSExample" */ = {
			isa = XCConfigurationList;
			buildConfigurations = (
				301305972212FC0E003582F7 /* Debug */,
				301305982212FC0E003582F7 /* Release */,
			);
			defaultConfigurationIsVisible = 0;
			defaultConfigurationName = Release;
		};
		301305992212FC0E003582F7 /* Build configuration list for PBXNativeTarget "iOSExampleTests" */ = {
			isa = XCConfigurationList;
			buildConfigurations = (
				3013059A2212FC0E003582F7 /* Debug */,
				3013059B2212FC0E003582F7 /* Release */,
			);
			defaultConfigurationIsVisible = 0;
			defaultConfigurationName = Release;
		};
		30429F3E222624F1003CE076 /* Build configuration list for PBXNativeTarget "NetworkConnectivity" */ = {
			isa = XCConfigurationList;
			buildConfigurations = (
				30429F3C222624F1003CE076 /* Debug */,
				30429F3D222624F1003CE076 /* Release */,
			);
			defaultConfigurationIsVisible = 0;
			defaultConfigurationName = Release;
		};
/* End XCConfigurationList section */
	};
	rootObject = 301305712212FC0D003582F7 /* Project object */;
}
