// !$*UTF8*$!
{
	archiveVersion = 1;
	classes = {
	};
	objectVersion = 50;
	objects = {

/* Begin PBXBuildFile section */
		301305532212FBB9003582F7 /* AppDelegate.swift in Sources */ = {isa = PBXBuildFile; fileRef = 301305522212FBB9003582F7 /* AppDelegate.swift */; };
		301305552212FBB9003582F7 /* ViewController.swift in Sources */ = {isa = PBXBuildFile; fileRef = 301305542212FBB9003582F7 /* ViewController.swift */; };
		301305572212FBBB003582F7 /* Assets.xcassets in Resources */ = {isa = PBXBuildFile; fileRef = 301305562212FBBB003582F7 /* Assets.xcassets */; };
		3013055A2212FBBB003582F7 /* Main.storyboard in Resources */ = {isa = PBXBuildFile; fileRef = 301305582212FBBB003582F7 /* Main.storyboard */; };
		301305662212FBBB003582F7 /* macOSExampleTests.swift in Sources */ = {isa = PBXBuildFile; fileRef = 301305652212FBBB003582F7 /* macOSExampleTests.swift */; };
/* End PBXBuildFile section */

/* Begin PBXContainerItemProxy section */
		301305622212FBBB003582F7 /* PBXContainerItemProxy */ = {
			isa = PBXContainerItemProxy;
			containerPortal = 301305472212FBB9003582F7 /* Project object */;
			proxyType = 1;
			remoteGlobalIDString = 3013054E2212FBB9003582F7;
			remoteInfo = macOSExample;
		};
/* End PBXContainerItemProxy section */

/* Begin PBXFileReference section */
		3013054F2212FBB9003582F7 /* macOSExample.app */ = {isa = PBXFileReference; explicitFileType = wrapper.application; includeInIndex = 0; path = macOSExample.app; sourceTree = BUILT_PRODUCTS_DIR; };
		301305522212FBB9003582F7 /* AppDelegate.swift */ = {isa = PBXFileReference; lastKnownFileType = sourcecode.swift; path = AppDelegate.swift; sourceTree = "<group>"; };
		301305542212FBB9003582F7 /* ViewController.swift */ = {isa = PBXFileReference; lastKnownFileType = sourcecode.swift; path = ViewController.swift; sourceTree = "<group>"; };
		301305562212FBBB003582F7 /* Assets.xcassets */ = {isa = PBXFileReference; lastKnownFileType = folder.assetcatalog; path = Assets.xcassets; sourceTree = "<group>"; };
		301305592212FBBB003582F7 /* Base */ = {isa = PBXFileReference; lastKnownFileType = file.storyboard; name = Base; path = Base.lproj/Main.storyboard; sourceTree = "<group>"; };
		3013055B2212FBBB003582F7 /* Info.plist */ = {isa = PBXFileReference; lastKnownFileType = text.plist.xml; path = Info.plist; sourceTree = "<group>"; };
		3013055C2212FBBB003582F7 /* macOSExample.entitlements */ = {isa = PBXFileReference; lastKnownFileType = text.plist.entitlements; path = macOSExample.entitlements; sourceTree = "<group>"; };
		301305612212FBBB003582F7 /* macOSExampleTests.xctest */ = {isa = PBXFileReference; explicitFileType = wrapper.cfbundle; includeInIndex = 0; path = macOSExampleTests.xctest; sourceTree = BUILT_PRODUCTS_DIR; };
		301305652212FBBB003582F7 /* macOSExampleTests.swift */ = {isa = PBXFileReference; lastKnownFileType = sourcecode.swift; path = macOSExampleTests.swift; sourceTree = "<group>"; };
		301305672212FBBB003582F7 /* Info.plist */ = {isa = PBXFileReference; lastKnownFileType = text.plist.xml; path = Info.plist; sourceTree = "<group>"; };
/* End PBXFileReference section */

/* Begin PBXFrameworksBuildPhase section */
		3013054C2212FBB9003582F7 /* Frameworks */ = {
			isa = PBXFrameworksBuildPhase;
			buildActionMask = 2147483647;
			files = (
			);
			runOnlyForDeploymentPostprocessing = 0;
		};
		3013055E2212FBBB003582F7 /* Frameworks */ = {
			isa = PBXFrameworksBuildPhase;
			buildActionMask = 2147483647;
			files = (
			);
			runOnlyForDeploymentPostprocessing = 0;
		};
/* End PBXFrameworksBuildPhase section */

/* Begin PBXGroup section */
		301305462212FBB9003582F7 = {
			isa = PBXGroup;
			children = (
				301305512212FBB9003582F7 /* macOSExample */,
				301305642212FBBB003582F7 /* macOSExampleTests */,
				301305502212FBB9003582F7 /* Products */,
			);
			sourceTree = "<group>";
		};
		301305502212FBB9003582F7 /* Products */ = {
			isa = PBXGroup;
			children = (
				3013054F2212FBB9003582F7 /* macOSExample.app */,
				301305612212FBBB003582F7 /* macOSExampleTests.xctest */,
			);
			name = Products;
			sourceTree = "<group>";
		};
		301305512212FBB9003582F7 /* macOSExample */ = {
			isa = PBXGroup;
			children = (
				301305522212FBB9003582F7 /* AppDelegate.swift */,
				301305542212FBB9003582F7 /* ViewController.swift */,
				301305562212FBBB003582F7 /* Assets.xcassets */,
				301305582212FBBB003582F7 /* Main.storyboard */,
				3013055B2212FBBB003582F7 /* Info.plist */,
				3013055C2212FBBB003582F7 /* macOSExample.entitlements */,
			);
			path = macOSExample;
			sourceTree = "<group>";
		};
		301305642212FBBB003582F7 /* macOSExampleTests */ = {
			isa = PBXGroup;
			children = (
				301305652212FBBB003582F7 /* macOSExampleTests.swift */,
				301305672212FBBB003582F7 /* Info.plist */,
			);
			path = macOSExampleTests;
			sourceTree = "<group>";
		};
/* End PBXGroup section */

/* Begin PBXNativeTarget section */
		3013054E2212FBB9003582F7 /* macOSExample */ = {
			isa = PBXNativeTarget;
			buildConfigurationList = 3013056A2212FBBB003582F7 /* Build configuration list for PBXNativeTarget "macOSExample" */;
			buildPhases = (
				3013054B2212FBB9003582F7 /* Sources */,
				3013054C2212FBB9003582F7 /* Frameworks */,
				3013054D2212FBB9003582F7 /* Resources */,
			);
			buildRules = (
			);
			dependencies = (
			);
			name = macOSExample;
			productName = macOSExample;
			productReference = 3013054F2212FBB9003582F7 /* macOSExample.app */;
			productType = "com.apple.product-type.application";
		};
		301305602212FBBB003582F7 /* macOSExampleTests */ = {
			isa = PBXNativeTarget;
			buildConfigurationList = 3013056D2212FBBB003582F7 /* Build configuration list for PBXNativeTarget "macOSExampleTests" */;
			buildPhases = (
				3013055D2212FBBB003582F7 /* Sources */,
				3013055E2212FBBB003582F7 /* Frameworks */,
				3013055F2212FBBB003582F7 /* Resources */,
			);
			buildRules = (
			);
			dependencies = (
				301305632212FBBB003582F7 /* PBXTargetDependency */,
			);
			name = macOSExampleTests;
			productName = macOSExampleTests;
			productReference = 301305612212FBBB003582F7 /* macOSExampleTests.xctest */;
			productType = "com.apple.product-type.bundle.unit-test";
		};
/* End PBXNativeTarget section */

/* Begin PBXProject section */
		301305472212FBB9003582F7 /* Project object */ = {
			isa = PBXProject;
			attributes = {
				LastSwiftUpdateCheck = 1010;
				LastUpgradeCheck = 1010;
				ORGANIZATIONNAME = "Matt Eaton";
				TargetAttributes = {
					3013054E2212FBB9003582F7 = {
						CreatedOnToolsVersion = 10.1;
					};
					301305602212FBBB003582F7 = {
						CreatedOnToolsVersion = 10.1;
						TestTargetID = 3013054E2212FBB9003582F7;
					};
				};
			};
			buildConfigurationList = 3013054A2212FBB9003582F7 /* Build configuration list for PBXProject "macOSExample" */;
			compatibilityVersion = "Xcode 9.3";
			developmentRegion = en;
			hasScannedForEncodings = 0;
			knownRegions = (
				en,
				Base,
			);
			mainGroup = 301305462212FBB9003582F7;
			productRefGroup = 301305502212FBB9003582F7 /* Products */;
			projectDirPath = "";
			projectRoot = "";
			targets = (
				3013054E2212FBB9003582F7 /* macOSExample */,
				301305602212FBBB003582F7 /* macOSExampleTests */,
			);
		};
/* End PBXProject section */

/* Begin PBXResourcesBuildPhase section */
		3013054D2212FBB9003582F7 /* Resources */ = {
			isa = PBXResourcesBuildPhase;
			buildActionMask = 2147483647;
			files = (
				301305572212FBBB003582F7 /* Assets.xcassets in Resources */,
				3013055A2212FBBB003582F7 /* Main.storyboard in Resources */,
			);
			runOnlyForDeploymentPostprocessing = 0;
		};
		3013055F2212FBBB003582F7 /* Resources */ = {
			isa = PBXResourcesBuildPhase;
			buildActionMask = 2147483647;
			files = (
			);
			runOnlyForDeploymentPostprocessing = 0;
		};
/* End PBXResourcesBuildPhase section */

/* Begin PBXSourcesBuildPhase section */
		3013054B2212FBB9003582F7 /* Sources */ = {
			isa = PBXSourcesBuildPhase;
			buildActionMask = 2147483647;
			files = (
				301305552212FBB9003582F7 /* ViewController.swift in Sources */,
				301305532212FBB9003582F7 /* AppDelegate.swift in Sources */,
			);
			runOnlyForDeploymentPostprocessing = 0;
		};
		3013055D2212FBBB003582F7 /* Sources */ = {
			isa = PBXSourcesBuildPhase;
			buildActionMask = 2147483647;
			files = (
				301305662212FBBB003582F7 /* macOSExampleTests.swift in Sources */,
			);
			runOnlyForDeploymentPostprocessing = 0;
		};
/* End PBXSourcesBuildPhase section */

/* Begin PBXTargetDependency section */
		301305632212FBBB003582F7 /* PBXTargetDependency */ = {
			isa = PBXTargetDependency;
			target = 3013054E2212FBB9003582F7 /* macOSExample */;
			targetProxy = 301305622212FBBB003582F7 /* PBXContainerItemProxy */;
		};
/* End PBXTargetDependency section */

/* Begin PBXVariantGroup section */
		301305582212FBBB003582F7 /* Main.storyboard */ = {
			isa = PBXVariantGroup;
			children = (
				301305592212FBBB003582F7 /* Base */,
			);
			name = Main.storyboard;
			sourceTree = "<group>";
		};
/* End PBXVariantGroup section */

/* Begin XCBuildConfiguration section */
		301305682212FBBB003582F7 /* Debug */ = {
			isa = XCBuildConfiguration;
			buildSettings = {
				ALWAYS_SEARCH_USER_PATHS = NO;
				CLANG_ANALYZER_NONNULL = YES;
				CLANG_ANALYZER_NUMBER_OBJECT_CONVERSION = YES_AGGRESSIVE;
				CLANG_CXX_LANGUAGE_STANDARD = "gnu++14";
				CLANG_CXX_LIBRARY = "libc++";
				CLANG_ENABLE_MODULES = YES;
				CLANG_ENABLE_OBJC_ARC = YES;
				CLANG_ENABLE_OBJC_WEAK = YES;
				CLANG_WARN_BLOCK_CAPTURE_AUTORELEASING = YES;
				CLANG_WARN_BOOL_CONVERSION = YES;
				CLANG_WARN_COMMA = YES;
				CLANG_WARN_CONSTANT_CONVERSION = YES;
				CLANG_WARN_DEPRECATED_OBJC_IMPLEMENTATIONS = YES;
				CLANG_WARN_DIRECT_OBJC_ISA_USAGE = YES_ERROR;
				CLANG_WARN_DOCUMENTATION_COMMENTS = YES;
				CLANG_WARN_EMPTY_BODY = YES;
				CLANG_WARN_ENUM_CONVERSION = YES;
				CLANG_WARN_INFINITE_RECURSION = YES;
				CLANG_WARN_INT_CONVERSION = YES;
				CLANG_WARN_NON_LITERAL_NULL_CONVERSION = YES;
				CLANG_WARN_OBJC_IMPLICIT_RETAIN_SELF = YES;
				CLANG_WARN_OBJC_LITERAL_CONVERSION = YES;
				CLANG_WARN_OBJC_ROOT_CLASS = YES_ERROR;
				CLANG_WARN_RANGE_LOOP_ANALYSIS = YES;
				CLANG_WARN_STRICT_PROTOTYPES = YES;
				CLANG_WARN_SUSPICIOUS_MOVE = YES;
				CLANG_WARN_UNGUARDED_AVAILABILITY = YES_AGGRESSIVE;
				CLANG_WARN_UNREACHABLE_CODE = YES;
				CLANG_WARN__DUPLICATE_METHOD_MATCH = YES;
				CODE_SIGN_IDENTITY = "Mac Developer";
				COPY_PHASE_STRIP = NO;
				DEBUG_INFORMATION_FORMAT = dwarf;
				ENABLE_STRICT_OBJC_MSGSEND = YES;
				ENABLE_TESTABILITY = YES;
				GCC_C_LANGUAGE_STANDARD = gnu11;
				GCC_DYNAMIC_NO_PIC = NO;
				GCC_NO_COMMON_BLOCKS = YES;
				GCC_OPTIMIZATION_LEVEL = 0;
				GCC_PREPROCESSOR_DEFINITIONS = (
					"DEBUG=1",
					"$(inherited)",
				);
				GCC_WARN_64_TO_32_BIT_CONVERSION = YES;
				GCC_WARN_ABOUT_RETURN_TYPE = YES_ERROR;
				GCC_WARN_UNDECLARED_SELECTOR = YES;
				GCC_WARN_UNINITIALIZED_AUTOS = YES_AGGRESSIVE;
				GCC_WARN_UNUSED_FUNCTION = YES;
				GCC_WARN_UNUSED_VARIABLE = YES;
				MACOSX_DEPLOYMENT_TARGET = 10.14;
				MTL_ENABLE_DEBUG_INFO = INCLUDE_SOURCE;
				MTL_FAST_MATH = YES;
				ONLY_ACTIVE_ARCH = YES;
				SDKROOT = macosx;
				SWIFT_ACTIVE_COMPILATION_CONDITIONS = DEBUG;
				SWIFT_OPTIMIZATION_LEVEL = "-Onone";
			};
			name = Debug;
		};
		301305692212FBBB003582F7 /* Release */ = {
			isa = XCBuildConfiguration;
			buildSettings = {
				ALWAYS_SEARCH_USER_PATHS = NO;
				CLANG_ANALYZER_NONNULL = YES;
				CLANG_ANALYZER_NUMBER_OBJECT_CONVERSION = YES_AGGRESSIVE;
				CLANG_CXX_LANGUAGE_STANDARD = "gnu++14";
				CLANG_CXX_LIBRARY = "libc++";
				CLANG_ENABLE_MODULES = YES;
				CLANG_ENABLE_OBJC_ARC = YES;
				CLANG_ENABLE_OBJC_WEAK = YES;
				CLANG_WARN_BLOCK_CAPTURE_AUTORELEASING = YES;
				CLANG_WARN_BOOL_CONVERSION = YES;
				CLANG_WARN_COMMA = YES;
				CLANG_WARN_CONSTANT_CONVERSION = YES;
				CLANG_WARN_DEPRECATED_OBJC_IMPLEMENTATIONS = YES;
				CLANG_WARN_DIRECT_OBJC_ISA_USAGE = YES_ERROR;
				CLANG_WARN_DOCUMENTATION_COMMENTS = YES;
				CLANG_WARN_EMPTY_BODY = YES;
				CLANG_WARN_ENUM_CONVERSION = YES;
				CLANG_WARN_INFINITE_RECURSION = YES;
				CLANG_WARN_INT_CONVERSION = YES;
				CLANG_WARN_NON_LITERAL_NULL_CONVERSION = YES;
				CLANG_WARN_OBJC_IMPLICIT_RETAIN_SELF = YES;
				CLANG_WARN_OBJC_LITERAL_CONVERSION = YES;
				CLANG_WARN_OBJC_ROOT_CLASS = YES_ERROR;
				CLANG_WARN_RANGE_LOOP_ANALYSIS = YES;
				CLANG_WARN_STRICT_PROTOTYPES = YES;
				CLANG_WARN_SUSPICIOUS_MOVE = YES;
				CLANG_WARN_UNGUARDED_AVAILABILITY = YES_AGGRESSIVE;
				CLANG_WARN_UNREACHABLE_CODE = YES;
				CLANG_WARN__DUPLICATE_METHOD_MATCH = YES;
				CODE_SIGN_IDENTITY = "Mac Developer";
				COPY_PHASE_STRIP = NO;
				DEBUG_INFORMATION_FORMAT = "dwarf-with-dsym";
				ENABLE_NS_ASSERTIONS = NO;
				ENABLE_STRICT_OBJC_MSGSEND = YES;
				GCC_C_LANGUAGE_STANDARD = gnu11;
				GCC_NO_COMMON_BLOCKS = YES;
				GCC_WARN_64_TO_32_BIT_CONVERSION = YES;
				GCC_WARN_ABOUT_RETURN_TYPE = YES_ERROR;
				GCC_WARN_UNDECLARED_SELECTOR = YES;
				GCC_WARN_UNINITIALIZED_AUTOS = YES_AGGRESSIVE;
				GCC_WARN_UNUSED_FUNCTION = YES;
				GCC_WARN_UNUSED_VARIABLE = YES;
				MACOSX_DEPLOYMENT_TARGET = 10.14;
				MTL_ENABLE_DEBUG_INFO = NO;
				MTL_FAST_MATH = YES;
				SDKROOT = macosx;
				SWIFT_COMPILATION_MODE = wholemodule;
				SWIFT_OPTIMIZATION_LEVEL = "-O";
			};
			name = Release;
		};
		3013056B2212FBBB003582F7 /* Debug */ = {
			isa = XCBuildConfiguration;
			buildSettings = {
				ASSETCATALOG_COMPILER_APPICON_NAME = AppIcon;
				CODE_SIGN_ENTITLEMENTS = macOSExample/macOSExample.entitlements;
				CODE_SIGN_STYLE = Automatic;
				COMBINE_HIDPI_IMAGES = YES;
				DEVELOPMENT_TEAM = T7FGJ7JWEU;
				INFOPLIST_FILE = macOSExample/Info.plist;
				LD_RUNPATH_SEARCH_PATHS = (
					"$(inherited)",
					"@executable_path/../Frameworks",
				);
				PRODUCT_BUNDLE_IDENTIFIER = com.agnosticdev.macOSExample;
				PRODUCT_NAME = "$(TARGET_NAME)";
				SWIFT_VERSION = 4.2;
			};
			name = Debug;
		};
		3013056C2212FBBB003582F7 /* Release */ = {
			isa = XCBuildConfiguration;
			buildSettings = {
				ASSETCATALOG_COMPILER_APPICON_NAME = AppIcon;
				CODE_SIGN_ENTITLEMENTS = macOSExample/macOSExample.entitlements;
				CODE_SIGN_STYLE = Automatic;
				COMBINE_HIDPI_IMAGES = YES;
				DEVELOPMENT_TEAM = T7FGJ7JWEU;
				INFOPLIST_FILE = macOSExample/Info.plist;
				LD_RUNPATH_SEARCH_PATHS = (
					"$(inherited)",
					"@executable_path/../Frameworks",
				);
				PRODUCT_BUNDLE_IDENTIFIER = com.agnosticdev.macOSExample;
				PRODUCT_NAME = "$(TARGET_NAME)";
				SWIFT_VERSION = 4.2;
			};
			name = Release;
		};
		3013056E2212FBBB003582F7 /* Debug */ = {
			isa = XCBuildConfiguration;
			buildSettings = {
				ALWAYS_EMBED_SWIFT_STANDARD_LIBRARIES = YES;
				BUNDLE_LOADER = "$(TEST_HOST)";
				CODE_SIGN_STYLE = Automatic;
				COMBINE_HIDPI_IMAGES = YES;
				DEVELOPMENT_TEAM = T7FGJ7JWEU;
				INFOPLIST_FILE = macOSExampleTests/Info.plist;
				LD_RUNPATH_SEARCH_PATHS = (
					"$(inherited)",
					"@executable_path/../Frameworks",
					"@loader_path/../Frameworks",
				);
				PRODUCT_BUNDLE_IDENTIFIER = com.agnosticdev.macOSExampleTests;
				PRODUCT_NAME = "$(TARGET_NAME)";
				SWIFT_VERSION = 4.2;
				TEST_HOST = "$(BUILT_PRODUCTS_DIR)/macOSExample.app/Contents/MacOS/macOSExample";
			};
			name = Debug;
		};
		3013056F2212FBBB003582F7 /* Release */ = {
			isa = XCBuildConfiguration;
			buildSettings = {
				ALWAYS_EMBED_SWIFT_STANDARD_LIBRARIES = YES;
				BUNDLE_LOADER = "$(TEST_HOST)";
				CODE_SIGN_STYLE = Automatic;
				COMBINE_HIDPI_IMAGES = YES;
				DEVELOPMENT_TEAM = T7FGJ7JWEU;
				INFOPLIST_FILE = macOSExampleTests/Info.plist;
				LD_RUNPATH_SEARCH_PATHS = (
					"$(inherited)",
					"@executable_path/../Frameworks",
					"@loader_path/../Frameworks",
				);
				PRODUCT_BUNDLE_IDENTIFIER = com.agnosticdev.macOSExampleTests;
				PRODUCT_NAME = "$(TARGET_NAME)";
				SWIFT_VERSION = 4.2;
				TEST_HOST = "$(BUILT_PRODUCTS_DIR)/macOSExample.app/Contents/MacOS/macOSExample";
			};
			name = Release;
		};
/* End XCBuildConfiguration section */

/* Begin XCConfigurationList section */
		3013054A2212FBB9003582F7 /* Build configuration list for PBXProject "macOSExample" */ = {
			isa = XCConfigurationList;
			buildConfigurations = (
				301305682212FBBB003582F7 /* Debug */,
				301305692212FBBB003582F7 /* Release */,
			);
			defaultConfigurationIsVisible = 0;
			defaultConfigurationName = Release;
		};
		3013056A2212FBBB003582F7 /* Build configuration list for PBXNativeTarget "macOSExample" */ = {
			isa = XCConfigurationList;
			buildConfigurations = (
				3013056B2212FBBB003582F7 /* Debug */,
				3013056C2212FBBB003582F7 /* Release */,
			);
			defaultConfigurationIsVisible = 0;
			defaultConfigurationName = Release;
		};
		3013056D2212FBBB003582F7 /* Build configuration list for PBXNativeTarget "macOSExampleTests" */ = {
			isa = XCConfigurationList;
			buildConfigurations = (
				3013056E2212FBBB003582F7 /* Debug */,
				3013056F2212FBBB003582F7 /* Release */,
			);
			defaultConfigurationIsVisible = 0;
			defaultConfigurationName = Release;
		};
/* End XCConfigurationList section */
	};
	rootObject = 301305472212FBB9003582F7 /* Project object */;
}
